# This file is automatically @generated by Poetry 2.1.1 and should not be changed by hand.

[[package]]
name = "fitparse"
version = "1.2.0"
description = "Python library to parse ANT/Garmin .FIT files"
optional = false
python-versions = "*"
groups = ["main"]
files = [
    {file = "fitparse-1.2.0.tar.gz", hash = "sha256:2d691022452dea6dabad13cc6e017ca467fe8a3a895cd3ac67a50a7bb716b4a9"},
]

[metadata]
lock-version = "2.1"
python-versions = ">=3.13"
content-hash = "58724ec3cd2f8613e3c15fe8fcd9a42e43f41188ba42d438ed57a7bd4c31d891"
